// !$*UTF8*$!
{
	archiveVersion = 1;
	classes = {
	};
	objectVersion = 45;
	objects = {

/* Begin PBXBuildFile section */
		1D3623260D0F684500981E51 /* MyLocalTimeSoapAppDelegate.m in Sources */ = {isa = PBXBuildFile; fileRef = 1D3623250D0F684500981E51 /* MyLocalTimeSoapAppDelegate.m */; };
		1D60589B0D05DD56006BFB54 /* main.m in Sources */ = {isa = PBXBuildFile; fileRef = 29B97316FDCFA39411CA2CEA /* main.m */; };
		1D60589F0D05DD5A006BFB54 /* Foundation.framework in Frameworks */ = {isa = PBXBuildFile; fileRef = 1D30AB110D05D00D00671497 /* Foundation.framework */; };
		1DF5F4E00D08C38300B7A737 /* UIKit.framework in Frameworks */ = {isa = PBXBuildFile; fileRef = 1DF5F4DF0D08C38300B7A737 /* UIKit.framework */; };
		288765A50DF7441C002DB57D /* CoreGraphics.framework in Frameworks */ = {isa = PBXBuildFile; fileRef = 288765A40DF7441C002DB57D /* CoreGraphics.framework */; };
		2899E5220DE3E06400AC0155 /* MyLocalTimeSoapViewController.xib in Resources */ = {isa = PBXBuildFile; fileRef = 2899E5210DE3E06400AC0155 /* MyLocalTimeSoapViewController.xib */; };
		28AD733F0D9D9553002E5188 /* MainWindow.xib in Resources */ = {isa = PBXBuildFile; fileRef = 28AD733E0D9D9553002E5188 /* MainWindow.xib */; };
		28D7ACF80DDB3853001CB0EB /* MyLocalTimeSoapViewController.m in Sources */ = {isa = PBXBuildFile; fileRef = 28D7ACF70DDB3853001CB0EB /* MyLocalTimeSoapViewController.m */; };
		6A5C96FE127441B40042EFBB /* libxml2.dylib in Frameworks */ = {isa = PBXBuildFile; fileRef = 6A5C96FD127441B40042EFBB /* libxml2.dylib */; };
		6A5C9732127445CC0042EFBB /* CFNetwork.framework in Frameworks */ = {isa = PBXBuildFile; fileRef = 6A5C9731127445CC0042EFBB /* CFNetwork.framework */; };
		6A5C974D1274767B0042EFBB /* LocalTime.m in Sources */ = {isa = PBXBuildFile; fileRef = 6A5C97421274767B0042EFBB /* LocalTime.m */; };
		6A5C974E1274767B0042EFBB /* NSDate+ISO8601Parsing.m in Sources */ = {isa = PBXBuildFile; fileRef = 6A5C97441274767B0042EFBB /* NSDate+ISO8601Parsing.m */; };
		6A5C974F1274767B0042EFBB /* NSDate+ISO8601Unparsing.m in Sources */ = {isa = PBXBuildFile; fileRef = 6A5C97461274767B0042EFBB /* NSDate+ISO8601Unparsing.m */; };
		6A5C97501274767B0042EFBB /* USAdditions.m in Sources */ = {isa = PBXBuildFile; fileRef = 6A5C97481274767B0042EFBB /* USAdditions.m */; };
		6A5C97511274767B0042EFBB /* USGlobals.m in Sources */ = {isa = PBXBuildFile; fileRef = 6A5C974A1274767B0042EFBB /* USGlobals.m */; };
		6A5C97521274767B0042EFBB /* xs.m in Sources */ = {isa = PBXBuildFile; fileRef = 6A5C974C1274767B0042EFBB /* xs.m */; };
/* End PBXBuildFile section */

/* Begin PBXFileReference section */
		1D30AB110D05D00D00671497 /* Foundation.framework */ = {isa = PBXFileReference; lastKnownFileType = wrapper.framework; name = Foundation.framework; path = System/Library/Frameworks/Foundation.framework; sourceTree = SDKROOT; };
		1D3623240D0F684500981E51 /* MyLocalTimeSoapAppDelegate.h */ = {isa = PBXFileReference; fileEncoding = 4; lastKnownFileType = sourcecode.c.h; path = MyLocalTimeSoapAppDelegate.h; sourceTree = "<group>"; };
		1D3623250D0F684500981E51 /* MyLocalTimeSoapAppDelegate.m */ = {isa = PBXFileReference; fileEncoding = 4; lastKnownFileType = sourcecode.c.objc; path = MyLocalTimeSoapAppDelegate.m; sourceTree = "<group>"; };
		1D6058910D05DD3D006BFB54 /* MyLocalTimeSoap.app */ = {isa = PBXFileReference; explicitFileType = wrapper.application; includeInIndex = 0; path = MyLocalTimeSoap.app; sourceTree = BUILT_PRODUCTS_DIR; };
		1DF5F4DF0D08C38300B7A737 /* UIKit.framework */ = {isa = PBXFileReference; lastKnownFileType = wrapper.framework; name = UIKit.framework; path = System/Library/Frameworks/UIKit.framework; sourceTree = SDKROOT; };
		288765A40DF7441C002DB57D /* CoreGraphics.framework */ = {isa = PBXFileReference; lastKnownFileType = wrapper.framework; name = CoreGraphics.framework; path = System/Library/Frameworks/CoreGraphics.framework; sourceTree = SDKROOT; };
		2899E5210DE3E06400AC0155 /* MyLocalTimeSoapViewController.xib */ = {isa = PBXFileReference; lastKnownFileType = file.xib; path = MyLocalTimeSoapViewController.xib; sourceTree = "<group>"; };
		28AD733E0D9D9553002E5188 /* MainWindow.xib */ = {isa = PBXFileReference; lastKnownFileType = file.xib; path = MainWindow.xib; sourceTree = "<group>"; };
		28D7ACF60DDB3853001CB0EB /* MyLocalTimeSoapViewController.h */ = {isa = PBXFileReference; fileEncoding = 4; lastKnownFileType = sourcecode.c.h; path = MyLocalTimeSoapViewController.h; sourceTree = "<group>"; };
		28D7ACF70DDB3853001CB0EB /* MyLocalTimeSoapViewController.m */ = {isa = PBXFileReference; fileEncoding = 4; lastKnownFileType = sourcecode.c.objc; path = MyLocalTimeSoapViewController.m; sourceTree = "<group>"; };
		29B97316FDCFA39411CA2CEA /* main.m */ = {isa = PBXFileReference; fileEncoding = 4; lastKnownFileType = sourcecode.c.objc; path = main.m; sourceTree = "<group>"; };
		32CA4F630368D1EE00C91783 /* MyLocalTimeSoap_Prefix.pch */ = {isa = PBXFileReference; fileEncoding = 4; lastKnownFileType = sourcecode.c.h; path = MyLocalTimeSoap_Prefix.pch; sourceTree = "<group>"; };
		6A5C96FD127441B40042EFBB /* libxml2.dylib */ = {isa = PBXFileReference; lastKnownFileType = "compiled.mach-o.dylib"; name = libxml2.dylib; path = usr/lib/libxml2.dylib; sourceTree = SDKROOT; };
		6A5C9731127445CC0042EFBB /* CFNetwork.framework */ = {isa = PBXFileReference; lastKnownFileType = wrapper.framework; name = CFNetwork.framework; path = System/Library/Frameworks/CFNetwork.framework; sourceTree = SDKROOT; };
		6A5C97411274767B0042EFBB /* LocalTime.h */ = {isa = PBXFileReference; fileEncoding = 4; lastKnownFileType = sourcecode.c.h; name = LocalTime.h; path = LocalTime/LocalTime.h; sourceTree = "<group>"; };
		6A5C97421274767B0042EFBB /* LocalTime.m */ = {isa = PBXFileReference; fileEncoding = 4; lastKnownFileType = sourcecode.c.objc; name = LocalTime.m; path = LocalTime/LocalTime.m; sourceTree = "<group>"; };
		6A5C97431274767B0042EFBB /* NSDate+ISO8601Parsing.h */ = {isa = PBXFileReference; fileEncoding = 4; lastKnownFileType = sourcecode.c.h; name = "NSDate+ISO8601Parsing.h"; path = "LocalTime/NSDate+ISO8601Parsing.h"; sourceTree = "<group>"; };
		6A5C97441274767B0042EFBB /* NSDate+ISO8601Parsing.m */ = {isa = PBXFileReference; fileEncoding = 4; lastKnownFileType = sourcecode.c.objc; name = "NSDate+ISO8601Parsing.m"; path = "LocalTime/NSDate+ISO8601Parsing.m"; sourceTree = "<group>"; };
		6A5C97451274767B0042EFBB /* NSDate+ISO8601Unparsing.h */ = {isa = PBXFileReference; fileEncoding = 4; lastKnownFileType = sourcecode.c.h; name = "NSDate+ISO8601Unparsing.h"; path = "LocalTime/NSDate+ISO8601Unparsing.h"; sourceTree = "<group>"; };
		6A5C97461274767B0042EFBB /* NSDate+ISO8601Unparsing.m */ = {isa = PBXFileReference; fileEncoding = 4; lastKnownFileType = sourcecode.c.objc; name = "NSDate+ISO8601Unparsing.m"; path = "LocalTime/NSDate+ISO8601Unparsing.m"; sourceTree = "<group>"; };
		6A5C97471274767B0042EFBB /* USAdditions.h */ = {isa = PBXFileReference; fileEncoding = 4; lastKnownFileType = sourcecode.c.h; name = USAdditions.h; path = LocalTime/USAdditions.h; sourceTree = "<group>"; };
		6A5C97481274767B0042EFBB /* USAdditions.m */ = {isa = PBXFileReference; fileEncoding = 4; lastKnownFileType = sourcecode.c.objc; name = USAdditions.m; path = LocalTime/USAdditions.m; sourceTree = "<group>"; };
		6A5C97491274767B0042EFBB /* USGlobals.h */ = {isa = PBXFileReference; fileEncoding = 4; lastKnownFileType = sourcecode.c.h; name = USGlobals.h; path = LocalTime/USGlobals.h; sourceTree = "<group>"; };
		6A5C974A1274767B0042EFBB /* USGlobals.m */ = {isa = PBXFileReference; fileEncoding = 4; lastKnownFileType = sourcecode.c.objc; name = USGlobals.m; path = LocalTime/USGlobals.m; sourceTree = "<group>"; };
		6A5C974B1274767B0042EFBB /* xs.h */ = {isa = PBXFileReference; fileEncoding = 4; lastKnownFileType = sourcecode.c.h; name = xs.h; path = LocalTime/xs.h; sourceTree = "<group>"; };
		6A5C974C1274767B0042EFBB /* xs.m */ = {isa = PBXFileReference; fileEncoding = 4; lastKnownFileType = sourcecode.c.objc; name = xs.m; path = LocalTime/xs.m; sourceTree = "<group>"; };
		8D1107310486CEB800E47090 /* MyLocalTimeSoap-Info.plist */ = {isa = PBXFileReference; fileEncoding = 4; lastKnownFileType = text.plist.xml; path = "MyLocalTimeSoap-Info.plist"; plistStructureDefinitionIdentifier = "com.apple.xcode.plist.structure-definition.iphone.info-plist"; sourceTree = "<group>"; };
/* End PBXFileReference section */

/* Begin PBXFrameworksBuildPhase section */
		1D60588F0D05DD3D006BFB54 /* Frameworks */ = {
			isa = PBXFrameworksBuildPhase;
			buildActionMask = 2147483647;
			files = (
				1D60589F0D05DD5A006BFB54 /* Foundation.framework in Frameworks */,
				1DF5F4E00D08C38300B7A737 /* UIKit.framework in Frameworks */,
				288765A50DF7441C002DB57D /* CoreGraphics.framework in Frameworks */,
				6A5C96FE127441B40042EFBB /* libxml2.dylib in Frameworks */,
				6A5C9732127445CC0042EFBB /* CFNetwork.framework in Frameworks */,
			);
			runOnlyForDeploymentPostprocessing = 0;
		};
/* End PBXFrameworksBuildPhase section */

/* Begin PBXGroup section */
		080E96DDFE201D6D7F000001 /* Classes */ = {
			isa = PBXGroup;
			children = (
				1D3623240D0F684500981E51 /* MyLocalTimeSoapAppDelegate.h */,
				1D3623250D0F684500981E51 /* MyLocalTimeSoapAppDelegate.m */,
				28D7ACF60DDB3853001CB0EB /* MyLocalTimeSoapViewController.h */,
				28D7ACF70DDB3853001CB0EB /* MyLocalTimeSoapViewController.m */,
			);
			path = Classes;
			sourceTree = "<group>";
		};
		19C28FACFE9D520D11CA2CBB /* Products */ = {
			isa = PBXGroup;
			children = (
				1D6058910D05DD3D006BFB54 /* MyLocalTimeSoap.app */,
			);
			name = Products;
			sourceTree = "<group>";
		};
		29B97314FDCFA39411CA2CEA /* CustomTemplate */ = {
			isa = PBXGroup;
			children = (
				080E96DDFE201D6D7F000001 /* Classes */,
				29B97315FDCFA39411CA2CEA /* Other Sources */,
				29B97317FDCFA39411CA2CEA /* Resources */,
				29B97323FDCFA39411CA2CEA /* Frameworks */,
				19C28FACFE9D520D11CA2CBB /* Products */,
				6A5C96FD127441B40042EFBB /* libxml2.dylib */,
			);
			name = CustomTemplate;
			sourceTree = "<group>";
		};
		29B97315FDCFA39411CA2CEA /* Other Sources */ = {
			isa = PBXGroup;
			children = (
				6A5C96D9127440380042EFBB /* LocalTime */,
				32CA4F630368D1EE00C91783 /* MyLocalTimeSoap_Prefix.pch */,
				29B97316FDCFA39411CA2CEA /* main.m */,
			);
			name = "Other Sources";
			sourceTree = "<group>";
		};
		29B97317FDCFA39411CA2CEA /* Resources */ = {
			isa = PBXGroup;
			children = (
				2899E5210DE3E06400AC0155 /* MyLocalTimeSoapViewController.xib */,
				28AD733E0D9D9553002E5188 /* MainWindow.xib */,
				8D1107310486CEB800E47090 /* MyLocalTimeSoap-Info.plist */,
			);
			name = Resources;
			sourceTree = "<group>";
		};
		29B97323FDCFA39411CA2CEA /* Frameworks */ = {
			isa = PBXGroup;
			children = (
				1DF5F4DF0D08C38300B7A737 /* UIKit.framework */,
				1D30AB110D05D00D00671497 /* Foundation.framework */,
				288765A40DF7441C002DB57D /* CoreGraphics.framework */,
				6A5C9731127445CC0042EFBB /* CFNetwork.framework */,
			);
			name = Frameworks;
			sourceTree = "<group>";
		};
		6A5C96D9127440380042EFBB /* LocalTime */ = {
			isa = PBXGroup;
			children = (
				6A5C97411274767B0042EFBB /* LocalTime.h */,
				6A5C97421274767B0042EFBB /* LocalTime.m */,
				6A5C97431274767B0042EFBB /* NSDate+ISO8601Parsing.h */,
				6A5C97441274767B0042EFBB /* NSDate+ISO8601Parsing.m */,
				6A5C97451274767B0042EFBB /* NSDate+ISO8601Unparsing.h */,
				6A5C97461274767B0042EFBB /* NSDate+ISO8601Unparsing.m */,
				6A5C97471274767B0042EFBB /* USAdditions.h */,
				6A5C97481274767B0042EFBB /* USAdditions.m */,
				6A5C97491274767B0042EFBB /* USGlobals.h */,
				6A5C974A1274767B0042EFBB /* USGlobals.m */,
				6A5C974B1274767B0042EFBB /* xs.h */,
				6A5C974C1274767B0042EFBB /* xs.m */,
			);
			name = LocalTime;
			sourceTree = "<group>";
		};
/* End PBXGroup section */

/* Begin PBXNativeTarget section */
		1D6058900D05DD3D006BFB54 /* MyLocalTimeSoap */ = {
			isa = PBXNativeTarget;
			buildConfigurationList = 1D6058960D05DD3E006BFB54 /* Build configuration list for PBXNativeTarget "MyLocalTimeSoap" */;
			buildPhases = (
				1D60588D0D05DD3D006BFB54 /* Resources */,
				1D60588E0D05DD3D006BFB54 /* Sources */,
				1D60588F0D05DD3D006BFB54 /* Frameworks */,
			);
			buildRules = (
			);
			dependencies = (
			);
			name = MyLocalTimeSoap;
			productName = MyLocalTimeSoap;
			productReference = 1D6058910D05DD3D006BFB54 /* MyLocalTimeSoap.app */;
			productType = "com.apple.product-type.application";
		};
/* End PBXNativeTarget section */

/* Begin PBXProject section */
		29B97313FDCFA39411CA2CEA /* Project object */ = {
			isa = PBXProject;
			buildConfigurationList = C01FCF4E08A954540054247B /* Build configuration list for PBXProject "MyLocalTimeSoap" */;
			compatibilityVersion = "Xcode 3.1";
			hasScannedForEncodings = 1;
			mainGroup = 29B97314FDCFA39411CA2CEA /* CustomTemplate */;
			projectDirPath = "";
			projectRoot = "";
			targets = (
				1D6058900D05DD3D006BFB54 /* MyLocalTimeSoap */,
			);
		};
/* End PBXProject section */

/* Begin PBXResourcesBuildPhase section */
		1D60588D0D05DD3D006BFB54 /* Resources */ = {
			isa = PBXResourcesBuildPhase;
			buildActionMask = 2147483647;
			files = (
				28AD733F0D9D9553002E5188 /* MainWindow.xib in Resources */,
				2899E5220DE3E06400AC0155 /* MyLocalTimeSoapViewController.xib in Resources */,
			);
			runOnlyForDeploymentPostprocessing = 0;
		};
/* End PBXResourcesBuildPhase section */

/* Begin PBXSourcesBuildPhase section */
		1D60588E0D05DD3D006BFB54 /* Sources */ = {
			isa = PBXSourcesBuildPhase;
			buildActionMask = 2147483647;
			files = (
				1D60589B0D05DD56006BFB54 /* main.m in Sources */,
				1D3623260D0F684500981E51 /* MyLocalTimeSoapAppDelegate.m in Sources */,
				28D7ACF80DDB3853001CB0EB /* MyLocalTimeSoapViewController.m in Sources */,
				6A5C974D1274767B0042EFBB /* LocalTime.m in Sources */,
				6A5C974E1274767B0042EFBB /* NSDate+ISO8601Parsing.m in Sources */,
				6A5C974F1274767B0042EFBB /* NSDate+ISO8601Unparsing.m in Sources */,
				6A5C97501274767B0042EFBB /* USAdditions.m in Sources */,
				6A5C97511274767B0042EFBB /* USGlobals.m in Sources */,
				6A5C97521274767B0042EFBB /* xs.m in Sources */,
			);
			runOnlyForDeploymentPostprocessing = 0;
		};
/* End PBXSourcesBuildPhase section */

/* Begin XCBuildConfiguration section */
		1D6058940D05DD3E006BFB54 /* Debug */ = {
			isa = XCBuildConfiguration;
			buildSettings = {
				ALWAYS_SEARCH_USER_PATHS = NO;
				COPY_PHASE_STRIP = NO;
				GCC_DYNAMIC_NO_PIC = NO;
				GCC_OPTIMIZATION_LEVEL = 0;
				GCC_PRECOMPILE_PREFIX_HEADER = YES;
				GCC_PREFIX_HEADER = MyLocalTimeSoap_Prefix.pch;
				INFOPLIST_FILE = "MyLocalTimeSoap-Info.plist";
				PRODUCT_NAME = MyLocalTimeSoap;
			};
			name = Debug;
		};
		1D6058950D05DD3E006BFB54 /* Release */ = {
			isa = XCBuildConfiguration;
			buildSettings = {
				ALWAYS_SEARCH_USER_PATHS = NO;
				COPY_PHASE_STRIP = YES;
				GCC_PRECOMPILE_PREFIX_HEADER = YES;
				GCC_PREFIX_HEADER = MyLocalTimeSoap_Prefix.pch;
				INFOPLIST_FILE = "MyLocalTimeSoap-Info.plist";
				PRODUCT_NAME = MyLocalTimeSoap;
				VALIDATE_PRODUCT = YES;
			};
			name = Release;
		};
		C01FCF4F08A954540054247B /* Debug */ = {
			isa = XCBuildConfiguration;
			buildSettings = {
				ARCHS = "$(ARCHS_STANDARD_32_BIT)";
				"CODE_SIGN_IDENTITY[sdk=iphoneos*]" = "iPhone Developer";
				GCC_C_LANGUAGE_STANDARD = c99;
				GCC_WARN_ABOUT_RETURN_TYPE = YES;
				GCC_WARN_UNUSED_VARIABLE = YES;
				HEADER_SEARCH_PATHS = /usr/include/libxml2;
				OTHER_LDFLAGS = "-lxml2";
				PREBINDING = NO;
				SDKROOT = iphoneos4.0;
			};
			name = Debug;
		};
		C01FCF5008A954540054247B /* Release */ = {
			isa = XCBuildConfiguration;
			buildSettings = {
				ARCHS = "$(ARCHS_STANDARD_32_BIT)";
				"CODE_SIGN_IDENTITY[sdk=iphoneos*]" = "iPhone Developer";
				GCC_C_LANGUAGE_STANDARD = c99;
				GCC_WARN_ABOUT_RETURN_TYPE = YES;
				GCC_WARN_UNUSED_VARIABLE = YES;
				OTHER_CFLAGS = "-DNS_BLOCK_ASSERTIONS=1";
				PREBINDING = NO;
				SDKROOT = iphoneos4.0;
			};
			name = Release;
		};
/* End XCBuildConfiguration section */

/* Begin XCConfigurationList section */
		1D6058960D05DD3E006BFB54 /* Build configuration list for PBXNativeTarget "MyLocalTimeSoap" */ = {
			isa = XCConfigurationList;
			buildConfigurations = (
				1D6058940D05DD3E006BFB54 /* Debug */,
				1D6058950D05DD3E006BFB54 /* Release */,
			);
			defaultConfigurationIsVisible = 0;
			defaultConfigurationName = Release;
		};
		C01FCF4E08A954540054247B /* Build configuration list for PBXProject "MyLocalTimeSoap" */ = {
			isa = XCConfigurationList;
			buildConfigurations = (
				C01FCF4F08A954540054247B /* Debug */,
				C01FCF5008A954540054247B /* Release */,
			);
			defaultConfigurationIsVisible = 0;
			defaultConfigurationName = Release;
		};
/* End XCConfigurationList section */
	};
	rootObject = 29B97313FDCFA39411CA2CEA /* Project object */;
}
