// !$*UTF8*$!
{
	archiveVersion = 1;
	classes = {
	};
	objectVersion = 46;
	objects = {

/* Begin PBXBuildFile section */
		A71CB0AE151C4E79009D3506 /* RadioButton-Selected.png in Resources */ = {isa = PBXBuildFile; fileRef = A71CB0AC151C4E79009D3506 /* RadioButton-Selected.png */; };
		A71CB0AF151C4E79009D3506 /* RadioButton-Unselected.png in Resources */ = {isa = PBXBuildFile; fileRef = A71CB0AD151C4E79009D3506 /* RadioButton-Unselected.png */; };
		A728E8F5133987E400CF1F36 /* UIKit.framework in Frameworks */ = {isa = PBXBuildFile; fileRef = A728E8F4133987E400CF1F36 /* UIKit.framework */; };
		A728E8F7133987E400CF1F36 /* Foundation.framework in Frameworks */ = {isa = PBXBuildFile; fileRef = A728E8F6133987E400CF1F36 /* Foundation.framework */; };
		A728E8F9133987E400CF1F36 /* CoreGraphics.framework in Frameworks */ = {isa = PBXBuildFile; fileRef = A728E8F8133987E400CF1F36 /* CoreGraphics.framework */; };
		A728E8FF133987E400CF1F36 /* InfoPlist.strings in Resources */ = {isa = PBXBuildFile; fileRef = A728E8FD133987E400CF1F36 /* InfoPlist.strings */; };
		A728E902133987E400CF1F36 /* main.m in Sources */ = {isa = PBXBuildFile; fileRef = A728E901133987E400CF1F36 /* main.m */; };
		A728E905133987E400CF1F36 /* RadioButtonAppDelegate.m in Sources */ = {isa = PBXBuildFile; fileRef = A728E904133987E400CF1F36 /* RadioButtonAppDelegate.m */; };
		A728E908133987E400CF1F36 /* MainWindow.xib in Resources */ = {isa = PBXBuildFile; fileRef = A728E906133987E400CF1F36 /* MainWindow.xib */; };
		A728E90B133987E400CF1F36 /* RadioButtonViewController.m in Sources */ = {isa = PBXBuildFile; fileRef = A728E90A133987E400CF1F36 /* RadioButtonViewController.m */; };
		A728E90E133987E400CF1F36 /* RadioButtonViewController.xib in Resources */ = {isa = PBXBuildFile; fileRef = A728E90C133987E400CF1F36 /* RadioButtonViewController.xib */; };
		A728E9161339886F00CF1F36 /* RadioButton.m in Sources */ = {isa = PBXBuildFile; fileRef = A728E9151339886F00CF1F36 /* RadioButton.m */; };
/* End PBXBuildFile section */

/* Begin PBXFileReference section */
		A71CB0AC151C4E79009D3506 /* RadioButton-Selected.png */ = {isa = PBXFileReference; lastKnownFileType = image.png; path = "RadioButton-Selected.png"; sourceTree = "<group>"; };
		A71CB0AD151C4E79009D3506 /* RadioButton-Unselected.png */ = {isa = PBXFileReference; lastKnownFileType = image.png; path = "RadioButton-Unselected.png"; sourceTree = "<group>"; };
		A728E8F0133987E400CF1F36 /* RadioButton.app */ = {isa = PBXFileReference; explicitFileType = wrapper.application; includeInIndex = 0; path = RadioButton.app; sourceTree = BUILT_PRODUCTS_DIR; };
		A728E8F4133987E400CF1F36 /* UIKit.framework */ = {isa = PBXFileReference; lastKnownFileType = wrapper.framework; name = UIKit.framework; path = System/Library/Frameworks/UIKit.framework; sourceTree = SDKROOT; };
		A728E8F6133987E400CF1F36 /* Foundation.framework */ = {isa = PBXFileReference; lastKnownFileType = wrapper.framework; name = Foundation.framework; path = System/Library/Frameworks/Foundation.framework; sourceTree = SDKROOT; };
		A728E8F8133987E400CF1F36 /* CoreGraphics.framework */ = {isa = PBXFileReference; lastKnownFileType = wrapper.framework; name = CoreGraphics.framework; path = System/Library/Frameworks/CoreGraphics.framework; sourceTree = SDKROOT; };
		A728E8FC133987E400CF1F36 /* RadioButton-Info.plist */ = {isa = PBXFileReference; lastKnownFileType = text.plist.xml; path = "RadioButton-Info.plist"; sourceTree = "<group>"; };
		A728E8FE133987E400CF1F36 /* en */ = {isa = PBXFileReference; lastKnownFileType = text.plist.strings; name = en; path = en.lproj/InfoPlist.strings; sourceTree = "<group>"; };
		A728E900133987E400CF1F36 /* RadioButton-Prefix.pch */ = {isa = PBXFileReference; lastKnownFileType = sourcecode.c.h; path = "RadioButton-Prefix.pch"; sourceTree = "<group>"; };
		A728E901133987E400CF1F36 /* main.m */ = {isa = PBXFileReference; lastKnownFileType = sourcecode.c.objc; path = main.m; sourceTree = "<group>"; };
		A728E903133987E400CF1F36 /* RadioButtonAppDelegate.h */ = {isa = PBXFileReference; lastKnownFileType = sourcecode.c.h; path = RadioButtonAppDelegate.h; sourceTree = "<group>"; };
		A728E904133987E400CF1F36 /* RadioButtonAppDelegate.m */ = {isa = PBXFileReference; lastKnownFileType = sourcecode.c.objc; path = RadioButtonAppDelegate.m; sourceTree = "<group>"; };
		A728E907133987E400CF1F36 /* en */ = {isa = PBXFileReference; lastKnownFileType = file.xib; name = en; path = en.lproj/MainWindow.xib; sourceTree = "<group>"; };
		A728E909133987E400CF1F36 /* RadioButtonViewController.h */ = {isa = PBXFileReference; lastKnownFileType = sourcecode.c.h; path = RadioButtonViewController.h; sourceTree = "<group>"; };
		A728E90A133987E400CF1F36 /* RadioButtonViewController.m */ = {isa = PBXFileReference; lastKnownFileType = sourcecode.c.objc; path = RadioButtonViewController.m; sourceTree = "<group>"; };
		A728E90D133987E400CF1F36 /* en */ = {isa = PBXFileReference; lastKnownFileType = file.xib; name = en; path = en.lproj/RadioButtonViewController.xib; sourceTree = "<group>"; };
		A728E9141339886F00CF1F36 /* RadioButton.h */ = {isa = PBXFileReference; fileEncoding = 4; lastKnownFileType = sourcecode.c.h; path = RadioButton.h; sourceTree = "<group>"; };
		A728E9151339886F00CF1F36 /* RadioButton.m */ = {isa = PBXFileReference; fileEncoding = 4; lastKnownFileType = sourcecode.c.objc; path = RadioButton.m; sourceTree = "<group>"; };
/* End PBXFileReference section */

/* Begin PBXFrameworksBuildPhase section */
		A728E8ED133987E400CF1F36 /* Frameworks */ = {
			isa = PBXFrameworksBuildPhase;
			buildActionMask = 2147483647;
			files = (
				A728E8F5133987E400CF1F36 /* UIKit.framework in Frameworks */,
				A728E8F7133987E400CF1F36 /* Foundation.framework in Frameworks */,
				A728E8F9133987E400CF1F36 /* CoreGraphics.framework in Frameworks */,
			);
			runOnlyForDeploymentPostprocessing = 0;
		};
/* End PBXFrameworksBuildPhase section */

/* Begin PBXGroup section */
		A728E8E5133987E300CF1F36 = {
			isa = PBXGroup;
			children = (
				A728E8FA133987E400CF1F36 /* RadioButton */,
				A728E8F3133987E400CF1F36 /* Frameworks */,
				A728E8F1133987E400CF1F36 /* Products */,
			);
			sourceTree = "<group>";
		};
		A728E8F1133987E400CF1F36 /* Products */ = {
			isa = PBXGroup;
			children = (
				A728E8F0133987E400CF1F36 /* RadioButton.app */,
			);
			name = Products;
			sourceTree = "<group>";
		};
		A728E8F3133987E400CF1F36 /* Frameworks */ = {
			isa = PBXGroup;
			children = (
				A728E8F4133987E400CF1F36 /* UIKit.framework */,
				A728E8F6133987E400CF1F36 /* Foundation.framework */,
				A728E8F8133987E400CF1F36 /* CoreGraphics.framework */,
			);
			name = Frameworks;
			sourceTree = "<group>";
		};
		A728E8FA133987E400CF1F36 /* RadioButton */ = {
			isa = PBXGroup;
			children = (
				A71CB0AC151C4E79009D3506 /* RadioButton-Selected.png */,
				A71CB0AD151C4E79009D3506 /* RadioButton-Unselected.png */,
				A728E903133987E400CF1F36 /* RadioButtonAppDelegate.h */,
				A728E904133987E400CF1F36 /* RadioButtonAppDelegate.m */,
				A728E906133987E400CF1F36 /* MainWindow.xib */,
				A728E909133987E400CF1F36 /* RadioButtonViewController.h */,
				A728E90A133987E400CF1F36 /* RadioButtonViewController.m */,
				A728E90C133987E400CF1F36 /* RadioButtonViewController.xib */,
				A728E8FB133987E400CF1F36 /* Supporting Files */,
				A728E9141339886F00CF1F36 /* RadioButton.h */,
				A728E9151339886F00CF1F36 /* RadioButton.m */,
			);
			path = RadioButton;
			sourceTree = "<group>";
		};
		A728E8FB133987E400CF1F36 /* Supporting Files */ = {
			isa = PBXGroup;
			children = (
				A728E8FC133987E400CF1F36 /* RadioButton-Info.plist */,
				A728E8FD133987E400CF1F36 /* InfoPlist.strings */,
				A728E900133987E400CF1F36 /* RadioButton-Prefix.pch */,
				A728E901133987E400CF1F36 /* main.m */,
			);
			name = "Supporting Files";
			sourceTree = "<group>";
		};
/* End PBXGroup section */

/* Begin PBXNativeTarget section */
		A728E8EF133987E400CF1F36 /* RadioButton */ = {
			isa = PBXNativeTarget;
			buildConfigurationList = A728E911133987E400CF1F36 /* Build configuration list for PBXNativeTarget "RadioButton" */;
			buildPhases = (
				A728E8EC133987E400CF1F36 /* Sources */,
				A728E8ED133987E400CF1F36 /* Frameworks */,
				A728E8EE133987E400CF1F36 /* Resources */,
			);
			buildRules = (
			);
			dependencies = (
			);
			name = RadioButton;
			productName = RadioButton;
			productReference = A728E8F0133987E400CF1F36 /* RadioButton.app */;
			productType = "com.apple.product-type.application";
		};
/* End PBXNativeTarget section */

/* Begin PBXProject section */
		A728E8E7133987E300CF1F36 /* Project object */ = {
			isa = PBXProject;
			buildConfigurationList = A728E8EA133987E300CF1F36 /* Build configuration list for PBXProject "RadioButton" */;
			compatibilityVersion = "Xcode 3.2";
			developmentRegion = English;
			hasScannedForEncodings = 0;
			knownRegions = (
				en,
			);
			mainGroup = A728E8E5133987E300CF1F36;
			productRefGroup = A728E8F1133987E400CF1F36 /* Products */;
			projectDirPath = "";
			projectRoot = "";
			targets = (
				A728E8EF133987E400CF1F36 /* RadioButton */,
			);
		};
/* End PBXProject section */

/* Begin PBXResourcesBuildPhase section */
		A728E8EE133987E400CF1F36 /* Resources */ = {
			isa = PBXResourcesBuildPhase;
			buildActionMask = 2147483647;
			files = (
				A728E8FF133987E400CF1F36 /* InfoPlist.strings in Resources */,
				A728E908133987E400CF1F36 /* MainWindow.xib in Resources */,
				A728E90E133987E400CF1F36 /* RadioButtonViewController.xib in Resources */,
				A71CB0AE151C4E79009D3506 /* RadioButton-Selected.png in Resources */,
				A71CB0AF151C4E79009D3506 /* RadioButton-Unselected.png in Resources */,
			);
			runOnlyForDeploymentPostprocessing = 0;
		};
/* End PBXResourcesBuildPhase section */

/* Begin PBXSourcesBuildPhase section */
		A728E8EC133987E400CF1F36 /* Sources */ = {
			isa = PBXSourcesBuildPhase;
			buildActionMask = 2147483647;
			files = (
				A728E902133987E400CF1F36 /* main.m in Sources */,
				A728E905133987E400CF1F36 /* RadioButtonAppDelegate.m in Sources */,
				A728E90B133987E400CF1F36 /* RadioButtonViewController.m in Sources */,
				A728E9161339886F00CF1F36 /* RadioButton.m in Sources */,
			);
			runOnlyForDeploymentPostprocessing = 0;
		};
/* End PBXSourcesBuildPhase section */

/* Begin PBXVariantGroup section */
		A728E8FD133987E400CF1F36 /* InfoPlist.strings */ = {
			isa = PBXVariantGroup;
			children = (
				A728E8FE133987E400CF1F36 /* en */,
			);
			name = InfoPlist.strings;
			sourceTree = "<group>";
		};
		A728E906133987E400CF1F36 /* MainWindow.xib */ = {
			isa = PBXVariantGroup;
			children = (
				A728E907133987E400CF1F36 /* en */,
			);
			name = MainWindow.xib;
			sourceTree = "<group>";
		};
		A728E90C133987E400CF1F36 /* RadioButtonViewController.xib */ = {
			isa = PBXVariantGroup;
			children = (
				A728E90D133987E400CF1F36 /* en */,
			);
			name = RadioButtonViewController.xib;
			sourceTree = "<group>";
		};
/* End PBXVariantGroup section */

/* Begin XCBuildConfiguration section */
		A728E90F133987E400CF1F36 /* Debug */ = {
			isa = XCBuildConfiguration;
			buildSettings = {
				ARCHS = "$(ARCHS_STANDARD_32_BIT)";
				"CODE_SIGN_IDENTITY[sdk=iphoneos*]" = "iPhone Developer";
				GCC_C_LANGUAGE_STANDARD = gnu99;
				GCC_OPTIMIZATION_LEVEL = 0;
				GCC_PREPROCESSOR_DEFINITIONS = DEBUG;
				GCC_SYMBOLS_PRIVATE_EXTERN = NO;
				GCC_VERSION = com.apple.compilers.llvmgcc42;
				GCC_WARN_ABOUT_RETURN_TYPE = YES;
				GCC_WARN_UNUSED_VARIABLE = YES;
				IPHONEOS_DEPLOYMENT_TARGET = 4.3;
				SDKROOT = iphoneos;
			};
			name = Debug;
		};
		A728E910133987E400CF1F36 /* Release */ = {
			isa = XCBuildConfiguration;
			buildSettings = {
				ARCHS = "$(ARCHS_STANDARD_32_BIT)";
				"CODE_SIGN_IDENTITY[sdk=iphoneos*]" = "iPhone Developer";
				GCC_C_LANGUAGE_STANDARD = gnu99;
				GCC_VERSION = com.apple.compilers.llvmgcc42;
				GCC_WARN_ABOUT_RETURN_TYPE = YES;
				GCC_WARN_UNUSED_VARIABLE = YES;
				IPHONEOS_DEPLOYMENT_TARGET = 4.3;
				OTHER_CFLAGS = "-DNS_BLOCK_ASSERTIONS=1";
				SDKROOT = iphoneos;
			};
			name = Release;
		};
		A728E912133987E400CF1F36 /* Debug */ = {
			isa = XCBuildConfiguration;
			buildSettings = {
				ALWAYS_SEARCH_USER_PATHS = NO;
				COPY_PHASE_STRIP = NO;
				GCC_DYNAMIC_NO_PIC = NO;
				GCC_PRECOMPILE_PREFIX_HEADER = YES;
				GCC_PREFIX_HEADER = "RadioButton/RadioButton-Prefix.pch";
				INFOPLIST_FILE = "RadioButton/RadioButton-Info.plist";
				PRODUCT_NAME = "$(TARGET_NAME)";
				WRAPPER_EXTENSION = app;
			};
			name = Debug;
		};
		A728E913133987E400CF1F36 /* Release */ = {
			isa = XCBuildConfiguration;
			buildSettings = {
				ALWAYS_SEARCH_USER_PATHS = NO;
				COPY_PHASE_STRIP = YES;
				GCC_PRECOMPILE_PREFIX_HEADER = YES;
				GCC_PREFIX_HEADER = "RadioButton/RadioButton-Prefix.pch";
				INFOPLIST_FILE = "RadioButton/RadioButton-Info.plist";
				PRODUCT_NAME = "$(TARGET_NAME)";
				VALIDATE_PRODUCT = YES;
				WRAPPER_EXTENSION = app;
			};
			name = Release;
		};
/* End XCBuildConfiguration section */

/* Begin XCConfigurationList section */
		A728E8EA133987E300CF1F36 /* Build configuration list for PBXProject "RadioButton" */ = {
			isa = XCConfigurationList;
			buildConfigurations = (
				A728E90F133987E400CF1F36 /* Debug */,
				A728E910133987E400CF1F36 /* Release */,
			);
			defaultConfigurationIsVisible = 0;
			defaultConfigurationName = Release;
		};
		A728E911133987E400CF1F36 /* Build configuration list for PBXNativeTarget "RadioButton" */ = {
			isa = XCConfigurationList;
			buildConfigurations = (
				A728E912133987E400CF1F36 /* Debug */,
				A728E913133987E400CF1F36 /* Release */,
			);
			defaultConfigurationIsVisible = 0;
			defaultConfigurationName = Release;
		};
/* End XCConfigurationList section */
	};
	rootObject = A728E8E7133987E300CF1F36 /* Project object */;
}
