// !$*UTF8*$!
{
	archiveVersion = 1;
	classes = {
	};
	objectVersion = 45;
	objects = {

/* Begin PBXBuildFile section */
		02084CDB11E53A7500199A4D /* iTunesArtwork in Resources */ = {isa = PBXBuildFile; fileRef = 02084CDA11E53A7500199A4D /* iTunesArtwork */; };
		025B4FF211CAE2EB004E3314 /* Icon-72.png in Resources */ = {isa = PBXBuildFile; fileRef = 025B4FEB11CAE2EB004E3314 /* Icon-72.png */; };
		025B4FF311CAE2EB004E3314 /* Icon-Small-50.png in Resources */ = {isa = PBXBuildFile; fileRef = 025B4FEC11CAE2EB004E3314 /* Icon-Small-50.png */; };
		025B4FF411CAE2EB004E3314 /* Icon-Small.png in Resources */ = {isa = PBXBuildFile; fileRef = 025B4FED11CAE2EB004E3314 /* Icon-Small.png */; };
		025B4FF511CAE2EB004E3314 /* Icon-Small@2x.png in Resources */ = {isa = PBXBuildFile; fileRef = 025B4FEE11CAE2EB004E3314 /* Icon-Small@2x.png */; };
		025B4FF611CAE2EB004E3314 /* Icon.png in Resources */ = {isa = PBXBuildFile; fileRef = 025B4FEF11CAE2EB004E3314 /* Icon.png */; };
		025B4FF711CAE2EB004E3314 /* Icon@2x.png in Resources */ = {isa = PBXBuildFile; fileRef = 025B4FF011CAE2EB004E3314 /* Icon@2x.png */; };
		025B501511CAE3CD004E3314 /* MainWindow.xib in Resources */ = {isa = PBXBuildFile; fileRef = 025B501411CAE3CD004E3314 /* MainWindow.xib */; };
		02C021BA0FA263C7006AFB5F /* Reachability.m in Sources */ = {isa = PBXBuildFile; fileRef = 02C021B90FA263C7006AFB5F /* Reachability.m */; };
		1D3623260D0F684500981E51 /* ReachabilityAppDelegate.m in Sources */ = {isa = PBXBuildFile; fileRef = 1D3623250D0F684500981E51 /* ReachabilityAppDelegate.m */; };
		1D4F2F9A0D10AC310045FB13 /* Default.png in Resources */ = {isa = PBXBuildFile; fileRef = 1D4F2F990D10AC310045FB13 /* Default.png */; };
		1D60589B0D05DD56006BFB54 /* main.m in Sources */ = {isa = PBXBuildFile; fileRef = 29B97316FDCFA39411CA2CEA /* main.m */; };
		1DF5F4E00D08C38300B7A737 /* UIKit.framework in Frameworks */ = {isa = PBXBuildFile; fileRef = 1DF5F4DF0D08C38300B7A737 /* UIKit.framework */; };
		414AF4950D5FDBA400072C1E /* WWAN5.png in Resources */ = {isa = PBXBuildFile; fileRef = 414AF4930D5FDBA400072C1E /* WWAN5.png */; };
		414AF4960D5FDBA400072C1E /* Airport.png in Resources */ = {isa = PBXBuildFile; fileRef = 414AF4940D5FDBA400072C1E /* Airport.png */; };
		418B52B50D64ED9A00D0F015 /* SystemConfiguration.framework in Frameworks */ = {isa = PBXBuildFile; fileRef = 418561090D5E57F70036FBAB /* SystemConfiguration.framework */; };
		418B52B70D64EDA900D0F015 /* Foundation.framework in Frameworks */ = {isa = PBXBuildFile; fileRef = 1D30AB110D05D00D00671497 /* Foundation.framework */; };
		41A855100D62A5670049A9B9 /* stop-32.png in Resources */ = {isa = PBXBuildFile; fileRef = 41A8550F0D62A5670049A9B9 /* stop-32.png */; };
		844866C10DB922FC009556CD /* icon.png in Resources */ = {isa = PBXBuildFile; fileRef = 844866C00DB922FC009556CD /* icon.png */; };
/* End PBXBuildFile section */

/* Begin PBXFileReference section */
		02084CDA11E53A7500199A4D /* iTunesArtwork */ = {isa = PBXFileReference; lastKnownFileType = file; path = iTunesArtwork; sourceTree = "<group>"; };
		025B4FEB11CAE2EB004E3314 /* Icon-72.png */ = {isa = PBXFileReference; lastKnownFileType = image.png; path = "Icon-72.png"; sourceTree = "<group>"; };
		025B4FEC11CAE2EB004E3314 /* Icon-Small-50.png */ = {isa = PBXFileReference; lastKnownFileType = image.png; path = "Icon-Small-50.png"; sourceTree = "<group>"; };
		025B4FED11CAE2EB004E3314 /* Icon-Small.png */ = {isa = PBXFileReference; lastKnownFileType = image.png; path = "Icon-Small.png"; sourceTree = "<group>"; };
		025B4FEE11CAE2EB004E3314 /* Icon-Small@2x.png */ = {isa = PBXFileReference; lastKnownFileType = image.png; path = "Icon-Small@2x.png"; sourceTree = "<group>"; };
		025B4FEF11CAE2EB004E3314 /* Icon.png */ = {isa = PBXFileReference; lastKnownFileType = image.png; path = Icon.png; sourceTree = "<group>"; };
		025B4FF011CAE2EB004E3314 /* Icon@2x.png */ = {isa = PBXFileReference; lastKnownFileType = image.png; path = "Icon@2x.png"; sourceTree = "<group>"; };
		02C021B80FA263C7006AFB5F /* Reachability.h */ = {isa = PBXFileReference; fileEncoding = 4; lastKnownFileType = sourcecode.c.h; path = Reachability.h; sourceTree = "<group>"; };
		02C021B90FA263C7006AFB5F /* Reachability.m */ = {isa = PBXFileReference; fileEncoding = 4; lastKnownFileType = sourcecode.c.objc; path = Reachability.m; sourceTree = "<group>"; };
		1D30AB110D05D00D00671497 /* Foundation.framework */ = {isa = PBXFileReference; lastKnownFileType = wrapper.framework; name = Foundation.framework; path = System/Library/Frameworks/Foundation.framework; sourceTree = SDKROOT; };
		1D3623240D0F684500981E51 /* ReachabilityAppDelegate.h */ = {isa = PBXFileReference; fileEncoding = 4; indentWidth = 4; lastKnownFileType = sourcecode.c.h; path = ReachabilityAppDelegate.h; sourceTree = "<group>"; tabWidth = 4; usesTabs = 0; };
		1D3623250D0F684500981E51 /* ReachabilityAppDelegate.m */ = {isa = PBXFileReference; fileEncoding = 4; indentWidth = 4; lastKnownFileType = sourcecode.c.objc; path = ReachabilityAppDelegate.m; sourceTree = "<group>"; tabWidth = 4; usesTabs = 0; };
		1D4F2F990D10AC310045FB13 /* Default.png */ = {isa = PBXFileReference; lastKnownFileType = image.png; path = Default.png; sourceTree = "<group>"; };
		1D6058910D05DD3D006BFB54 /* Reachability.app */ = {isa = PBXFileReference; explicitFileType = wrapper.application; includeInIndex = 0; path = Reachability.app; sourceTree = BUILT_PRODUCTS_DIR; };
		1DF5F4DF0D08C38300B7A737 /* UIKit.framework */ = {isa = PBXFileReference; lastKnownFileType = wrapper.framework; name = UIKit.framework; path = System/Library/Frameworks/UIKit.framework; sourceTree = SDKROOT; };
		28CE467A0DA6896A003A8F85 /* English */ = {isa = PBXFileReference; lastKnownFileType = file.xib; name = English; path = English.lproj/MainWindow.xib; sourceTree = "<group>"; };
		29B97316FDCFA39411CA2CEA /* main.m */ = {isa = PBXFileReference; fileEncoding = 4; lastKnownFileType = sourcecode.c.objc; path = main.m; sourceTree = "<group>"; };
		32CA4F630368D1EE00C91783 /* Reachability_Prefix.pch */ = {isa = PBXFileReference; fileEncoding = 4; lastKnownFileType = sourcecode.c.h; path = Reachability_Prefix.pch; sourceTree = "<group>"; };
		414AF4930D5FDBA400072C1E /* WWAN5.png */ = {isa = PBXFileReference; lastKnownFileType = image.png; path = WWAN5.png; sourceTree = "<group>"; };
		414AF4940D5FDBA400072C1E /* Airport.png */ = {isa = PBXFileReference; lastKnownFileType = image.png; path = Airport.png; sourceTree = "<group>"; };
		418561090D5E57F70036FBAB /* SystemConfiguration.framework */ = {isa = PBXFileReference; lastKnownFileType = wrapper.framework; name = SystemConfiguration.framework; path = System/Library/Frameworks/SystemConfiguration.framework; sourceTree = SDKROOT; };
		41A8550F0D62A5670049A9B9 /* stop-32.png */ = {isa = PBXFileReference; lastKnownFileType = image.png; path = "stop-32.png"; sourceTree = "<group>"; };
		41AD131B0D60E5BE00475B51 /* Info.plist */ = {isa = PBXFileReference; fileEncoding = 4; lastKnownFileType = text.plist.xml; path = Info.plist; sourceTree = "<group>"; };
		844866C00DB922FC009556CD /* icon.png */ = {isa = PBXFileReference; lastKnownFileType = image.png; path = icon.png; sourceTree = "<group>"; };
		844866CF0DB9233D009556CD /* ReadMe.txt */ = {isa = PBXFileReference; fileEncoding = 4; lastKnownFileType = text; path = ReadMe.txt; sourceTree = "<group>"; };
/* End PBXFileReference section */

/* Begin PBXFrameworksBuildPhase section */
		1D60588F0D05DD3D006BFB54 /* Frameworks */ = {
			isa = PBXFrameworksBuildPhase;
			buildActionMask = 2147483647;
			files = (
				1DF5F4E00D08C38300B7A737 /* UIKit.framework in Frameworks */,
				418B52B50D64ED9A00D0F015 /* SystemConfiguration.framework in Frameworks */,
				418B52B70D64EDA900D0F015 /* Foundation.framework in Frameworks */,
			);
			runOnlyForDeploymentPostprocessing = 0;
		};
/* End PBXFrameworksBuildPhase section */

/* Begin PBXGroup section */
		025B4FEA11CAE2EB004E3314 /* Images */ = {
			isa = PBXGroup;
			children = (
				02084CDA11E53A7500199A4D /* iTunesArtwork */,
				025B4FEB11CAE2EB004E3314 /* Icon-72.png */,
				025B4FEC11CAE2EB004E3314 /* Icon-Small-50.png */,
				025B4FED11CAE2EB004E3314 /* Icon-Small.png */,
				025B4FEE11CAE2EB004E3314 /* Icon-Small@2x.png */,
				025B4FEF11CAE2EB004E3314 /* Icon.png */,
				025B4FF011CAE2EB004E3314 /* Icon@2x.png */,
			);
			path = Images;
			sourceTree = "<group>";
		};
		080E96DDFE201D6D7F000001 /* Classes */ = {
			isa = PBXGroup;
			children = (
				1D3623240D0F684500981E51 /* ReachabilityAppDelegate.h */,
				1D3623250D0F684500981E51 /* ReachabilityAppDelegate.m */,
				02C021B80FA263C7006AFB5F /* Reachability.h */,
				02C021B90FA263C7006AFB5F /* Reachability.m */,
			);
			path = Classes;
			sourceTree = "<group>";
		};
		19C28FACFE9D520D11CA2CBB /* Products */ = {
			isa = PBXGroup;
			children = (
				1D6058910D05DD3D006BFB54 /* Reachability.app */,
			);
			name = Products;
			sourceTree = "<group>";
		};
		29B97314FDCFA39411CA2CEA /* CustomTemplate */ = {
			isa = PBXGroup;
			children = (
				844866CF0DB9233D009556CD /* ReadMe.txt */,
				080E96DDFE201D6D7F000001 /* Classes */,
				29B97315FDCFA39411CA2CEA /* Other Sources */,
				29B97317FDCFA39411CA2CEA /* Resources */,
				29B97323FDCFA39411CA2CEA /* Frameworks */,
				19C28FACFE9D520D11CA2CBB /* Products */,
			);
			name = CustomTemplate;
			sourceTree = "<group>";
		};
		29B97315FDCFA39411CA2CEA /* Other Sources */ = {
			isa = PBXGroup;
			children = (
				32CA4F630368D1EE00C91783 /* Reachability_Prefix.pch */,
				29B97316FDCFA39411CA2CEA /* main.m */,
			);
			name = "Other Sources";
			sourceTree = "<group>";
		};
		29B97317FDCFA39411CA2CEA /* Resources */ = {
			isa = PBXGroup;
			children = (
				025B4FEA11CAE2EB004E3314 /* Images */,
				844866C00DB922FC009556CD /* icon.png */,
				025B501411CAE3CD004E3314 /* MainWindow.xib */,
				41A8550F0D62A5670049A9B9 /* stop-32.png */,
				414AF4930D5FDBA400072C1E /* WWAN5.png */,
				414AF4940D5FDBA400072C1E /* Airport.png */,
				1D4F2F990D10AC310045FB13 /* Default.png */,
				41AD131B0D60E5BE00475B51 /* Info.plist */,
			);
			name = Resources;
			sourceTree = "<group>";
		};
		29B97323FDCFA39411CA2CEA /* Frameworks */ = {
			isa = PBXGroup;
			children = (
				418561090D5E57F70036FBAB /* SystemConfiguration.framework */,
				1DF5F4DF0D08C38300B7A737 /* UIKit.framework */,
				1D30AB110D05D00D00671497 /* Foundation.framework */,
			);
			name = Frameworks;
			sourceTree = "<group>";
		};
/* End PBXGroup section */

/* Begin PBXNativeTarget section */
		1D6058900D05DD3D006BFB54 /* Reachability */ = {
			isa = PBXNativeTarget;
			buildConfigurationList = 1D6058960D05DD3E006BFB54 /* Build configuration list for PBXNativeTarget "Reachability" */;
			buildPhases = (
				1D60588D0D05DD3D006BFB54 /* Resources */,
				1D60588E0D05DD3D006BFB54 /* Sources */,
				1D60588F0D05DD3D006BFB54 /* Frameworks */,
			);
			buildRules = (
			);
			dependencies = (
			);
			name = Reachability;
			productName = foo;
			productReference = 1D6058910D05DD3D006BFB54 /* Reachability.app */;
			productType = "com.apple.product-type.application";
		};
/* End PBXNativeTarget section */

/* Begin PBXProject section */
		29B97313FDCFA39411CA2CEA /* Project object */ = {
			isa = PBXProject;
			buildConfigurationList = C01FCF4E08A954540054247B /* Build configuration list for PBXProject "Reachability" */;
			compatibilityVersion = "Xcode 3.1";
			developmentRegion = English;
			hasScannedForEncodings = 1;
			knownRegions = (
				en,
			);
			mainGroup = 29B97314FDCFA39411CA2CEA /* CustomTemplate */;
			projectDirPath = "";
			projectRoot = "";
			targets = (
				1D6058900D05DD3D006BFB54 /* Reachability */,
			);
		};
/* End PBXProject section */

/* Begin PBXResourcesBuildPhase section */
		1D60588D0D05DD3D006BFB54 /* Resources */ = {
			isa = PBXResourcesBuildPhase;
			buildActionMask = 2147483647;
			files = (
				1D4F2F9A0D10AC310045FB13 /* Default.png in Resources */,
				414AF4950D5FDBA400072C1E /* WWAN5.png in Resources */,
				414AF4960D5FDBA400072C1E /* Airport.png in Resources */,
				41A855100D62A5670049A9B9 /* stop-32.png in Resources */,
				025B501511CAE3CD004E3314 /* MainWindow.xib in Resources */,
				844866C10DB922FC009556CD /* icon.png in Resources */,
				025B4FF211CAE2EB004E3314 /* Icon-72.png in Resources */,
				025B4FF311CAE2EB004E3314 /* Icon-Small-50.png in Resources */,
				025B4FF411CAE2EB004E3314 /* Icon-Small.png in Resources */,
				025B4FF511CAE2EB004E3314 /* Icon-Small@2x.png in Resources */,
				025B4FF611CAE2EB004E3314 /* Icon.png in Resources */,
				025B4FF711CAE2EB004E3314 /* Icon@2x.png in Resources */,
				02084CDB11E53A7500199A4D /* iTunesArtwork in Resources */,
			);
			runOnlyForDeploymentPostprocessing = 0;
		};
/* End PBXResourcesBuildPhase section */

/* Begin PBXSourcesBuildPhase section */
		1D60588E0D05DD3D006BFB54 /* Sources */ = {
			isa = PBXSourcesBuildPhase;
			buildActionMask = 2147483647;
			files = (
				1D60589B0D05DD56006BFB54 /* main.m in Sources */,
				1D3623260D0F684500981E51 /* ReachabilityAppDelegate.m in Sources */,
				02C021BA0FA263C7006AFB5F /* Reachability.m in Sources */,
			);
			runOnlyForDeploymentPostprocessing = 0;
		};
/* End PBXSourcesBuildPhase section */

/* Begin PBXVariantGroup section */
		025B501411CAE3CD004E3314 /* MainWindow.xib */ = {
			isa = PBXVariantGroup;
			children = (
				28CE467A0DA6896A003A8F85 /* English */,
			);
			name = MainWindow.xib;
			sourceTree = "<group>";
		};
/* End PBXVariantGroup section */

/* Begin XCBuildConfiguration section */
		1D6058940D05DD3E006BFB54 /* Debug */ = {
			isa = XCBuildConfiguration;
			buildSettings = {
			};
			name = Debug;
		};
		1D6058950D05DD3E006BFB54 /* Release */ = {
			isa = XCBuildConfiguration;
			buildSettings = {
			};
			name = Release;
		};
		C01FCF4F08A954540054247B /* Debug */ = {
			isa = XCBuildConfiguration;
			buildSettings = {
				ARCHS = "$(ARCHS_STANDARD_32_BIT)";
				"CODE_SIGN_IDENTITY[sdk=iphoneos*]" = "iPhone Developer";
				GCC_DYNAMIC_NO_PIC = YES;
				GCC_OPTIMIZATION_LEVEL = 0;
				GCC_PRECOMPILE_PREFIX_HEADER = YES;
				GCC_PREFIX_HEADER = Reachability_Prefix.pch;
				GCC_TREAT_IMPLICIT_FUNCTION_DECLARATIONS_AS_ERRORS = YES;
				GCC_TREAT_NONCONFORMANT_CODE_ERRORS_AS_WARNINGS = YES;
				GCC_TREAT_WARNINGS_AS_ERRORS = NO;
				GCC_WARN_64_TO_32_BIT_CONVERSION = YES;
				GCC_WARN_ABOUT_MISSING_FIELD_INITIALIZERS = YES;
				GCC_WARN_ABOUT_MISSING_NEWLINE = YES;
				GCC_WARN_ABOUT_MISSING_PROTOTYPES = YES;
				GCC_WARN_ABOUT_RETURN_TYPE = YES;
				GCC_WARN_CHECK_SWITCH_STATEMENTS = YES;
				GCC_WARN_EFFECTIVE_CPLUSPLUS_VIOLATIONS = YES;
				GCC_WARN_FOUR_CHARACTER_CONSTANTS = YES;
				GCC_WARN_HIDDEN_VIRTUAL_FUNCTIONS = NO;
				GCC_WARN_INHIBIT_ALL_WARNINGS = NO;
				GCC_WARN_INITIALIZER_NOT_FULLY_BRACKETED = YES;
				GCC_WARN_MISSING_PARENTHESES = YES;
				GCC_WARN_MULTIPLE_DEFINITION_TYPES_FOR_SELECTOR = NO;
				GCC_WARN_NON_VIRTUAL_DESTRUCTOR = YES;
				GCC_WARN_PEDANTIC = NO;
				GCC_WARN_PROTOTYPE_CONVERSION = NO;
				GCC_WARN_SHADOW = YES;
				GCC_WARN_SIGN_COMPARE = YES;
				GCC_WARN_STRICT_SELECTOR_MATCH = YES;
				GCC_WARN_UNDECLARED_SELECTOR = YES;
				GCC_WARN_UNINITIALIZED_AUTOS = NO;
				GCC_WARN_UNKNOWN_PRAGMAS = YES;
				GCC_WARN_UNUSED_FUNCTION = YES;
				GCC_WARN_UNUSED_LABEL = YES;
				GCC_WARN_UNUSED_PARAMETER = YES;
				GCC_WARN_UNUSED_VALUE = YES;
				INFOPLIST_FILE = Info.plist;
				IPHONEOS_DEPLOYMENT_TARGET = 3.2;
				ONLY_ACTIVE_ARCH = YES;
				PREBINDING = NO;
				PRODUCT_NAME = Reachability;
				"PROVISIONING_PROFILE[sdk=iphoneos*]" = "";
				SDKROOT = iphoneos5.1;
				WRAPPER_EXTENSION = app;
			};
			name = Debug;
		};
		C01FCF5008A954540054247B /* Release */ = {
			isa = XCBuildConfiguration;
			buildSettings = {
				ARCHS = "$(ARCHS_STANDARD_32_BIT)";
				CODE_SIGN_IDENTITY = "";
				"CODE_SIGN_IDENTITY[sdk=iphoneos*]" = "iPhone Developer";
				CODE_SIGN_RESOURCE_RULES_PATH = "";
				GCC_DYNAMIC_NO_PIC = NO;
				GCC_OPTIMIZATION_LEVEL = s;
				GCC_PRECOMPILE_PREFIX_HEADER = YES;
				GCC_PREFIX_HEADER = Reachability_Prefix.pch;
				GCC_TREAT_IMPLICIT_FUNCTION_DECLARATIONS_AS_ERRORS = YES;
				GCC_TREAT_NONCONFORMANT_CODE_ERRORS_AS_WARNINGS = YES;
				GCC_TREAT_WARNINGS_AS_ERRORS = NO;
				GCC_WARN_64_TO_32_BIT_CONVERSION = YES;
				GCC_WARN_ABOUT_DEPRECATED_FUNCTIONS = YES;
				GCC_WARN_ABOUT_INVALID_OFFSETOF_MACRO = YES;
				GCC_WARN_ABOUT_MISSING_FIELD_INITIALIZERS = YES;
				GCC_WARN_ABOUT_MISSING_NEWLINE = YES;
				GCC_WARN_ABOUT_MISSING_PROTOTYPES = YES;
				GCC_WARN_ABOUT_RETURN_TYPE = YES;
				GCC_WARN_CHECK_SWITCH_STATEMENTS = YES;
				GCC_WARN_EFFECTIVE_CPLUSPLUS_VIOLATIONS = YES;
				GCC_WARN_FOUR_CHARACTER_CONSTANTS = YES;
				GCC_WARN_HIDDEN_VIRTUAL_FUNCTIONS = NO;
				GCC_WARN_INHIBIT_ALL_WARNINGS = NO;
				GCC_WARN_INITIALIZER_NOT_FULLY_BRACKETED = YES;
				GCC_WARN_MISSING_PARENTHESES = YES;
				GCC_WARN_MULTIPLE_DEFINITION_TYPES_FOR_SELECTOR = NO;
				GCC_WARN_NON_VIRTUAL_DESTRUCTOR = YES;
				GCC_WARN_PEDANTIC = NO;
				GCC_WARN_PROTOTYPE_CONVERSION = NO;
				GCC_WARN_SHADOW = YES;
				GCC_WARN_SIGN_COMPARE = YES;
				GCC_WARN_STRICT_SELECTOR_MATCH = YES;
				GCC_WARN_UNDECLARED_SELECTOR = YES;
				GCC_WARN_UNINITIALIZED_AUTOS = NO;
				GCC_WARN_UNKNOWN_PRAGMAS = YES;
				GCC_WARN_UNUSED_FUNCTION = YES;
				GCC_WARN_UNUSED_LABEL = YES;
				GCC_WARN_UNUSED_PARAMETER = YES;
				GCC_WARN_UNUSED_VALUE = YES;
				GCC_WARN_UNUSED_VARIABLE = YES;
				INFOPLIST_FILE = Info.plist;
				IPHONEOS_DEPLOYMENT_TARGET = 3.2;
				OTHER_CODE_SIGN_FLAGS = "";
				PREBINDING = NO;
				PRODUCT_NAME = Reachability;
				SDKROOT = iphoneos5.1;
				WRAPPER_EXTENSION = app;
			};
			name = Release;
		};
/* End XCBuildConfiguration section */

/* Begin XCConfigurationList section */
		1D6058960D05DD3E006BFB54 /* Build configuration list for PBXNativeTarget "Reachability" */ = {
			isa = XCConfigurationList;
			buildConfigurations = (
				1D6058940D05DD3E006BFB54 /* Debug */,
				1D6058950D05DD3E006BFB54 /* Release */,
			);
			defaultConfigurationIsVisible = 0;
			defaultConfigurationName = Release;
		};
		C01FCF4E08A954540054247B /* Build configuration list for PBXProject "Reachability" */ = {
			isa = XCConfigurationList;
			buildConfigurations = (
				C01FCF4F08A954540054247B /* Debug */,
				C01FCF5008A954540054247B /* Release */,
			);
			defaultConfigurationIsVisible = 0;
			defaultConfigurationName = Release;
		};
/* End XCConfigurationList section */
	};
	rootObject = 29B97313FDCFA39411CA2CEA /* Project object */;
}
