// !$*UTF8*$!
{
	archiveVersion = 1;
	classes = {
	};
	objectVersion = 46;
	objects = {

/* Begin PBXBuildFile section */
		B8F94469164BA9A400BA3207 /* UIKit.framework in Frameworks */ = {isa = PBXBuildFile; fileRef = B8F94468164BA9A400BA3207 /* UIKit.framework */; };
		B8F9446B164BA9A400BA3207 /* Foundation.framework in Frameworks */ = {isa = PBXBuildFile; fileRef = B8F9446A164BA9A400BA3207 /* Foundation.framework */; };
		B8F9446D164BA9A400BA3207 /* CoreGraphics.framework in Frameworks */ = {isa = PBXBuildFile; fileRef = B8F9446C164BA9A400BA3207 /* CoreGraphics.framework */; };
		B8F94473164BA9A400BA3207 /* InfoPlist.strings in Resources */ = {isa = PBXBuildFile; fileRef = B8F94471164BA9A400BA3207 /* InfoPlist.strings */; };
		B8F94475164BA9A400BA3207 /* main.m in Sources */ = {isa = PBXBuildFile; fileRef = B8F94474164BA9A400BA3207 /* main.m */; };
		B8F94479164BA9A400BA3207 /* AppDelegate.m in Sources */ = {isa = PBXBuildFile; fileRef = B8F94478164BA9A400BA3207 /* AppDelegate.m */; };
		B8F9447B164BA9A400BA3207 /* Default.png in Resources */ = {isa = PBXBuildFile; fileRef = B8F9447A164BA9A400BA3207 /* Default.png */; };
		B8F9447D164BA9A400BA3207 /* Default@2x.png in Resources */ = {isa = PBXBuildFile; fileRef = B8F9447C164BA9A400BA3207 /* Default@2x.png */; };
		B8F9447F164BA9A400BA3207 /* Default-568h@2x.png in Resources */ = {isa = PBXBuildFile; fileRef = B8F9447E164BA9A400BA3207 /* Default-568h@2x.png */; };
		B8F94482164BA9A400BA3207 /* ViewController.m in Sources */ = {isa = PBXBuildFile; fileRef = B8F94481164BA9A400BA3207 /* ViewController.m */; };
		B8F94485164BA9A400BA3207 /* ViewController.xib in Resources */ = {isa = PBXBuildFile; fileRef = B8F94483164BA9A400BA3207 /* ViewController.xib */; };
/* End PBXBuildFile section */

/* Begin PBXFileReference section */
		B8F94464164BA9A400BA3207 /* tableview_picture_GCD.app */ = {isa = PBXFileReference; explicitFileType = wrapper.application; includeInIndex = 0; path = tableview_picture_GCD.app; sourceTree = BUILT_PRODUCTS_DIR; };
		B8F94468164BA9A400BA3207 /* UIKit.framework */ = {isa = PBXFileReference; lastKnownFileType = wrapper.framework; name = UIKit.framework; path = System/Library/Frameworks/UIKit.framework; sourceTree = SDKROOT; };
		B8F9446A164BA9A400BA3207 /* Foundation.framework */ = {isa = PBXFileReference; lastKnownFileType = wrapper.framework; name = Foundation.framework; path = System/Library/Frameworks/Foundation.framework; sourceTree = SDKROOT; };
		B8F9446C164BA9A400BA3207 /* CoreGraphics.framework */ = {isa = PBXFileReference; lastKnownFileType = wrapper.framework; name = CoreGraphics.framework; path = System/Library/Frameworks/CoreGraphics.framework; sourceTree = SDKROOT; };
		B8F94470164BA9A400BA3207 /* tableview_picture_GCD-Info.plist */ = {isa = PBXFileReference; lastKnownFileType = text.plist.xml; path = "tableview_picture_GCD-Info.plist"; sourceTree = "<group>"; };
		B8F94472164BA9A400BA3207 /* en */ = {isa = PBXFileReference; lastKnownFileType = text.plist.strings; name = en; path = en.lproj/InfoPlist.strings; sourceTree = "<group>"; };
		B8F94474164BA9A400BA3207 /* main.m */ = {isa = PBXFileReference; lastKnownFileType = sourcecode.c.objc; path = main.m; sourceTree = "<group>"; };
		B8F94476164BA9A400BA3207 /* tableview_picture_GCD-Prefix.pch */ = {isa = PBXFileReference; lastKnownFileType = sourcecode.c.h; path = "tableview_picture_GCD-Prefix.pch"; sourceTree = "<group>"; };
		B8F94477164BA9A400BA3207 /* AppDelegate.h */ = {isa = PBXFileReference; lastKnownFileType = sourcecode.c.h; path = AppDelegate.h; sourceTree = "<group>"; };
		B8F94478164BA9A400BA3207 /* AppDelegate.m */ = {isa = PBXFileReference; lastKnownFileType = sourcecode.c.objc; path = AppDelegate.m; sourceTree = "<group>"; };
		B8F9447A164BA9A400BA3207 /* Default.png */ = {isa = PBXFileReference; lastKnownFileType = image.png; path = Default.png; sourceTree = "<group>"; };
		B8F9447C164BA9A400BA3207 /* Default@2x.png */ = {isa = PBXFileReference; lastKnownFileType = image.png; path = "Default@2x.png"; sourceTree = "<group>"; };
		B8F9447E164BA9A400BA3207 /* Default-568h@2x.png */ = {isa = PBXFileReference; lastKnownFileType = image.png; path = "Default-568h@2x.png"; sourceTree = "<group>"; };
		B8F94480164BA9A400BA3207 /* ViewController.h */ = {isa = PBXFileReference; lastKnownFileType = sourcecode.c.h; path = ViewController.h; sourceTree = "<group>"; };
		B8F94481164BA9A400BA3207 /* ViewController.m */ = {isa = PBXFileReference; lastKnownFileType = sourcecode.c.objc; path = ViewController.m; sourceTree = "<group>"; };
		B8F94484164BA9A400BA3207 /* en */ = {isa = PBXFileReference; lastKnownFileType = file.xib; name = en; path = en.lproj/ViewController.xib; sourceTree = "<group>"; };
/* End PBXFileReference section */

/* Begin PBXFrameworksBuildPhase section */
		B8F94461164BA9A400BA3207 /* Frameworks */ = {
			isa = PBXFrameworksBuildPhase;
			buildActionMask = 2147483647;
			files = (
				B8F94469164BA9A400BA3207 /* UIKit.framework in Frameworks */,
				B8F9446B164BA9A400BA3207 /* Foundation.framework in Frameworks */,
				B8F9446D164BA9A400BA3207 /* CoreGraphics.framework in Frameworks */,
			);
			runOnlyForDeploymentPostprocessing = 0;
		};
/* End PBXFrameworksBuildPhase section */

/* Begin PBXGroup section */
		B8F94459164BA9A400BA3207 = {
			isa = PBXGroup;
			children = (
				B8F9446E164BA9A400BA3207 /* tableview_picture_GCD */,
				B8F94467164BA9A400BA3207 /* Frameworks */,
				B8F94465164BA9A400BA3207 /* Products */,
			);
			sourceTree = "<group>";
		};
		B8F94465164BA9A400BA3207 /* Products */ = {
			isa = PBXGroup;
			children = (
				B8F94464164BA9A400BA3207 /* tableview_picture_GCD.app */,
			);
			name = Products;
			sourceTree = "<group>";
		};
		B8F94467164BA9A400BA3207 /* Frameworks */ = {
			isa = PBXGroup;
			children = (
				B8F94468164BA9A400BA3207 /* UIKit.framework */,
				B8F9446A164BA9A400BA3207 /* Foundation.framework */,
				B8F9446C164BA9A400BA3207 /* CoreGraphics.framework */,
			);
			name = Frameworks;
			sourceTree = "<group>";
		};
		B8F9446E164BA9A400BA3207 /* tableview_picture_GCD */ = {
			isa = PBXGroup;
			children = (
				B8F94477164BA9A400BA3207 /* AppDelegate.h */,
				B8F94478164BA9A400BA3207 /* AppDelegate.m */,
				B8F94480164BA9A400BA3207 /* ViewController.h */,
				B8F94481164BA9A400BA3207 /* ViewController.m */,
				B8F94483164BA9A400BA3207 /* ViewController.xib */,
				B8F9446F164BA9A400BA3207 /* Supporting Files */,
			);
			path = tableview_picture_GCD;
			sourceTree = "<group>";
		};
		B8F9446F164BA9A400BA3207 /* Supporting Files */ = {
			isa = PBXGroup;
			children = (
				B8F94470164BA9A400BA3207 /* tableview_picture_GCD-Info.plist */,
				B8F94471164BA9A400BA3207 /* InfoPlist.strings */,
				B8F94474164BA9A400BA3207 /* main.m */,
				B8F94476164BA9A400BA3207 /* tableview_picture_GCD-Prefix.pch */,
				B8F9447A164BA9A400BA3207 /* Default.png */,
				B8F9447C164BA9A400BA3207 /* Default@2x.png */,
				B8F9447E164BA9A400BA3207 /* Default-568h@2x.png */,
			);
			name = "Supporting Files";
			sourceTree = "<group>";
		};
/* End PBXGroup section */

/* Begin PBXNativeTarget section */
		B8F94463164BA9A400BA3207 /* tableview_picture_GCD */ = {
			isa = PBXNativeTarget;
			buildConfigurationList = B8F94488164BA9A400BA3207 /* Build configuration list for PBXNativeTarget "tableview_picture_GCD" */;
			buildPhases = (
				B8F94460164BA9A400BA3207 /* Sources */,
				B8F94461164BA9A400BA3207 /* Frameworks */,
				B8F94462164BA9A400BA3207 /* Resources */,
			);
			buildRules = (
			);
			dependencies = (
			);
			name = tableview_picture_GCD;
			productName = tableview_picture_GCD;
			productReference = B8F94464164BA9A400BA3207 /* tableview_picture_GCD.app */;
			productType = "com.apple.product-type.application";
		};
/* End PBXNativeTarget section */

/* Begin PBXProject section */
		B8F9445B164BA9A400BA3207 /* Project object */ = {
			isa = PBXProject;
			attributes = {
				LastUpgradeCheck = 0450;
				ORGANIZATIONNAME = wangkeke;
			};
			buildConfigurationList = B8F9445E164BA9A400BA3207 /* Build configuration list for PBXProject "tableview_picture_GCD" */;
			compatibilityVersion = "Xcode 3.2";
			developmentRegion = English;
			hasScannedForEncodings = 0;
			knownRegions = (
				en,
			);
			mainGroup = B8F94459164BA9A400BA3207;
			productRefGroup = B8F94465164BA9A400BA3207 /* Products */;
			projectDirPath = "";
			projectRoot = "";
			targets = (
				B8F94463164BA9A400BA3207 /* tableview_picture_GCD */,
			);
		};
/* End PBXProject section */

/* Begin PBXResourcesBuildPhase section */
		B8F94462164BA9A400BA3207 /* Resources */ = {
			isa = PBXResourcesBuildPhase;
			buildActionMask = 2147483647;
			files = (
				B8F94473164BA9A400BA3207 /* InfoPlist.strings in Resources */,
				B8F9447B164BA9A400BA3207 /* Default.png in Resources */,
				B8F9447D164BA9A400BA3207 /* Default@2x.png in Resources */,
				B8F9447F164BA9A400BA3207 /* Default-568h@2x.png in Resources */,
				B8F94485164BA9A400BA3207 /* ViewController.xib in Resources */,
			);
			runOnlyForDeploymentPostprocessing = 0;
		};
/* End PBXResourcesBuildPhase section */

/* Begin PBXSourcesBuildPhase section */
		B8F94460164BA9A400BA3207 /* Sources */ = {
			isa = PBXSourcesBuildPhase;
			buildActionMask = 2147483647;
			files = (
				B8F94475164BA9A400BA3207 /* main.m in Sources */,
				B8F94479164BA9A400BA3207 /* AppDelegate.m in Sources */,
				B8F94482164BA9A400BA3207 /* ViewController.m in Sources */,
			);
			runOnlyForDeploymentPostprocessing = 0;
		};
/* End PBXSourcesBuildPhase section */

/* Begin PBXVariantGroup section */
		B8F94471164BA9A400BA3207 /* InfoPlist.strings */ = {
			isa = PBXVariantGroup;
			children = (
				B8F94472164BA9A400BA3207 /* en */,
			);
			name = InfoPlist.strings;
			sourceTree = "<group>";
		};
		B8F94483164BA9A400BA3207 /* ViewController.xib */ = {
			isa = PBXVariantGroup;
			children = (
				B8F94484164BA9A400BA3207 /* en */,
			);
			name = ViewController.xib;
			sourceTree = "<group>";
		};
/* End PBXVariantGroup section */

/* Begin XCBuildConfiguration section */
		B8F94486164BA9A400BA3207 /* Debug */ = {
			isa = XCBuildConfiguration;
			buildSettings = {
				ALWAYS_SEARCH_USER_PATHS = NO;
				CLANG_CXX_LANGUAGE_STANDARD = "gnu++0x";
				CLANG_CXX_LIBRARY = "libc++";
				CLANG_WARN_EMPTY_BODY = YES;
				CLANG_WARN__DUPLICATE_METHOD_MATCH = YES;
				"CODE_SIGN_IDENTITY[sdk=iphoneos*]" = "iPhone Developer";
				COPY_PHASE_STRIP = NO;
				GCC_C_LANGUAGE_STANDARD = gnu99;
				GCC_DYNAMIC_NO_PIC = NO;
				GCC_OPTIMIZATION_LEVEL = 0;
				GCC_PREPROCESSOR_DEFINITIONS = (
					"DEBUG=1",
					"$(inherited)",
				);
				GCC_SYMBOLS_PRIVATE_EXTERN = NO;
				GCC_WARN_ABOUT_RETURN_TYPE = YES;
				GCC_WARN_UNINITIALIZED_AUTOS = YES;
				GCC_WARN_UNUSED_VARIABLE = YES;
				IPHONEOS_DEPLOYMENT_TARGET = 6.0;
				ONLY_ACTIVE_ARCH = YES;
				SDKROOT = iphoneos;
			};
			name = Debug;
		};
		B8F94487164BA9A400BA3207 /* Release */ = {
			isa = XCBuildConfiguration;
			buildSettings = {
				ALWAYS_SEARCH_USER_PATHS = NO;
				CLANG_CXX_LANGUAGE_STANDARD = "gnu++0x";
				CLANG_CXX_LIBRARY = "libc++";
				CLANG_WARN_EMPTY_BODY = YES;
				CLANG_WARN__DUPLICATE_METHOD_MATCH = YES;
				"CODE_SIGN_IDENTITY[sdk=iphoneos*]" = "iPhone Developer";
				COPY_PHASE_STRIP = YES;
				GCC_C_LANGUAGE_STANDARD = gnu99;
				GCC_WARN_ABOUT_RETURN_TYPE = YES;
				GCC_WARN_UNINITIALIZED_AUTOS = YES;
				GCC_WARN_UNUSED_VARIABLE = YES;
				IPHONEOS_DEPLOYMENT_TARGET = 6.0;
				OTHER_CFLAGS = "-DNS_BLOCK_ASSERTIONS=1";
				SDKROOT = iphoneos;
				VALIDATE_PRODUCT = YES;
			};
			name = Release;
		};
		B8F94489164BA9A400BA3207 /* Debug */ = {
			isa = XCBuildConfiguration;
			buildSettings = {
				GCC_PRECOMPILE_PREFIX_HEADER = YES;
				GCC_PREFIX_HEADER = "tableview_picture_GCD/tableview_picture_GCD-Prefix.pch";
				INFOPLIST_FILE = "tableview_picture_GCD/tableview_picture_GCD-Info.plist";
				PRODUCT_NAME = "$(TARGET_NAME)";
				WRAPPER_EXTENSION = app;
			};
			name = Debug;
		};
		B8F9448A164BA9A400BA3207 /* Release */ = {
			isa = XCBuildConfiguration;
			buildSettings = {
				GCC_PRECOMPILE_PREFIX_HEADER = YES;
				GCC_PREFIX_HEADER = "tableview_picture_GCD/tableview_picture_GCD-Prefix.pch";
				INFOPLIST_FILE = "tableview_picture_GCD/tableview_picture_GCD-Info.plist";
				PRODUCT_NAME = "$(TARGET_NAME)";
				WRAPPER_EXTENSION = app;
			};
			name = Release;
		};
/* End XCBuildConfiguration section */

/* Begin XCConfigurationList section */
		B8F9445E164BA9A400BA3207 /* Build configuration list for PBXProject "tableview_picture_GCD" */ = {
			isa = XCConfigurationList;
			buildConfigurations = (
				B8F94486164BA9A400BA3207 /* Debug */,
				B8F94487164BA9A400BA3207 /* Release */,
			);
			defaultConfigurationIsVisible = 0;
			defaultConfigurationName = Release;
		};
		B8F94488164BA9A400BA3207 /* Build configuration list for PBXNativeTarget "tableview_picture_GCD" */ = {
			isa = XCConfigurationList;
			buildConfigurations = (
				B8F94489164BA9A400BA3207 /* Debug */,
				B8F9448A164BA9A400BA3207 /* Release */,
			);
			defaultConfigurationIsVisible = 0;
		};
/* End XCConfigurationList section */
	};
	rootObject = B8F9445B164BA9A400BA3207 /* Project object */;
}
