// !$*UTF8*$!
{
	archiveVersion = 1;
	classes = {
	};
	objectVersion = 45;
	objects = {

/* Begin PBXBuildFile section */
		8DD76F9A0486AA7600D96B5E /* RPN.m in Sources */ = {isa = PBXBuildFile; fileRef = 08FB7796FE84155DC02AAC07 /* RPN.m */; settings = {ATTRIBUTES = (); }; };
		8DD76F9C0486AA7600D96B5E /* Foundation.framework in Frameworks */ = {isa = PBXBuildFile; fileRef = 08FB779EFE84155DC02AAC07 /* Foundation.framework */; };
		8DD76F9F0486AA7600D96B5E /* RPN.1 in CopyFiles */ = {isa = PBXBuildFile; fileRef = C6859EA3029092ED04C91782 /* RPN.1 */; };
		F6A63EA30E9C005000BD4E58 /* MYStack.m in Sources */ = {isa = PBXBuildFile; fileRef = F6A63EA20E9C005000BD4E58 /* MYStack.m */; };
		F6A63EA60E9C006000BD4E58 /* MYCommand.m in Sources */ = {isa = PBXBuildFile; fileRef = F6A63EA50E9C006000BD4E58 /* MYCommand.m */; };
		F6A63ED30E9C14B700BD4E58 /* MYQuitCommand.m in Sources */ = {isa = PBXBuildFile; fileRef = F6A63ED20E9C14B700BD4E58 /* MYQuitCommand.m */; };
		F6A63ED80E9C158E00BD4E58 /* MYAddCommand.m in Sources */ = {isa = PBXBuildFile; fileRef = F6A63ED70E9C158E00BD4E58 /* MYAddCommand.m */; };
		F6A63EE00E9C173300BD4E58 /* MYSubtractCommand.m in Sources */ = {isa = PBXBuildFile; fileRef = F6A63EDF0E9C173300BD4E58 /* MYSubtractCommand.m */; };
		F6A63EE90E9C17DD00BD4E58 /* MYMultiplyCommand.m in Sources */ = {isa = PBXBuildFile; fileRef = F6A63EE80E9C17DD00BD4E58 /* MYMultiplyCommand.m */; };
		F6A63EEF0E9C185D00BD4E58 /* MYDivideCommand.m in Sources */ = {isa = PBXBuildFile; fileRef = F6A63EEE0E9C185D00BD4E58 /* MYDivideCommand.m */; };
		F6A63EF30E9C18A700BD4E58 /* MYDumpCommand.m in Sources */ = {isa = PBXBuildFile; fileRef = F6A63EF20E9C18A700BD4E58 /* MYDumpCommand.m */; };
		F6A63EFD0E9C1A2000BD4E58 /* MYPrintCommand.m in Sources */ = {isa = PBXBuildFile; fileRef = F6A63EFC0E9C1A2000BD4E58 /* MYPrintCommand.m */; };
/* End PBXBuildFile section */

/* Begin PBXCopyFilesBuildPhase section */
		8DD76F9E0486AA7600D96B5E /* CopyFiles */ = {
			isa = PBXCopyFilesBuildPhase;
			buildActionMask = 8;
			dstPath = /usr/share/man/man1/;
			dstSubfolderSpec = 0;
			files = (
				8DD76F9F0486AA7600D96B5E /* RPN.1 in CopyFiles */,
			);
			runOnlyForDeploymentPostprocessing = 1;
		};
/* End PBXCopyFilesBuildPhase section */

/* Begin PBXFileReference section */
		08FB7796FE84155DC02AAC07 /* RPN.m */ = {isa = PBXFileReference; fileEncoding = 4; lastKnownFileType = sourcecode.c.objc; path = RPN.m; sourceTree = "<group>"; };
		08FB779EFE84155DC02AAC07 /* Foundation.framework */ = {isa = PBXFileReference; lastKnownFileType = wrapper.framework; name = Foundation.framework; path = /System/Library/Frameworks/Foundation.framework; sourceTree = "<absolute>"; };
		32A70AAB03705E1F00C91783 /* RPN_Prefix.pch */ = {isa = PBXFileReference; fileEncoding = 4; lastKnownFileType = sourcecode.c.h; path = RPN_Prefix.pch; sourceTree = "<group>"; };
		8DD76FA10486AA7600D96B5E /* RPN */ = {isa = PBXFileReference; explicitFileType = "compiled.mach-o.executable"; includeInIndex = 0; path = RPN; sourceTree = BUILT_PRODUCTS_DIR; };
		C6859EA3029092ED04C91782 /* RPN.1 */ = {isa = PBXFileReference; lastKnownFileType = text.man; path = RPN.1; sourceTree = "<group>"; };
		F6A63EA10E9C005000BD4E58 /* MYStack.h */ = {isa = PBXFileReference; fileEncoding = 4; lastKnownFileType = sourcecode.c.h; path = MYStack.h; sourceTree = "<group>"; };
		F6A63EA20E9C005000BD4E58 /* MYStack.m */ = {isa = PBXFileReference; fileEncoding = 4; lastKnownFileType = sourcecode.c.objc; path = MYStack.m; sourceTree = "<group>"; };
		F6A63EA40E9C006000BD4E58 /* MYCommand.h */ = {isa = PBXFileReference; fileEncoding = 4; lastKnownFileType = sourcecode.c.h; path = MYCommand.h; sourceTree = "<group>"; };
		F6A63EA50E9C006000BD4E58 /* MYCommand.m */ = {isa = PBXFileReference; fileEncoding = 4; lastKnownFileType = sourcecode.c.objc; path = MYCommand.m; sourceTree = "<group>"; };
		F6A63ED10E9C14B700BD4E58 /* MYQuitCommand.h */ = {isa = PBXFileReference; fileEncoding = 4; lastKnownFileType = sourcecode.c.h; path = MYQuitCommand.h; sourceTree = "<group>"; };
		F6A63ED20E9C14B700BD4E58 /* MYQuitCommand.m */ = {isa = PBXFileReference; fileEncoding = 4; lastKnownFileType = sourcecode.c.objc; path = MYQuitCommand.m; sourceTree = "<group>"; };
		F6A63ED60E9C158E00BD4E58 /* MYAddCommand.h */ = {isa = PBXFileReference; fileEncoding = 4; lastKnownFileType = sourcecode.c.h; path = MYAddCommand.h; sourceTree = "<group>"; };
		F6A63ED70E9C158E00BD4E58 /* MYAddCommand.m */ = {isa = PBXFileReference; fileEncoding = 4; lastKnownFileType = sourcecode.c.objc; path = MYAddCommand.m; sourceTree = "<group>"; };
		F6A63EDE0E9C173300BD4E58 /* MYSubtractCommand.h */ = {isa = PBXFileReference; fileEncoding = 4; lastKnownFileType = sourcecode.c.h; path = MYSubtractCommand.h; sourceTree = "<group>"; };
		F6A63EDF0E9C173300BD4E58 /* MYSubtractCommand.m */ = {isa = PBXFileReference; fileEncoding = 4; lastKnownFileType = sourcecode.c.objc; path = MYSubtractCommand.m; sourceTree = "<group>"; };
		F6A63EE70E9C17DD00BD4E58 /* MYMultiplyCommand.h */ = {isa = PBXFileReference; fileEncoding = 4; lastKnownFileType = sourcecode.c.h; path = MYMultiplyCommand.h; sourceTree = "<group>"; };
		F6A63EE80E9C17DD00BD4E58 /* MYMultiplyCommand.m */ = {isa = PBXFileReference; fileEncoding = 4; lastKnownFileType = sourcecode.c.objc; path = MYMultiplyCommand.m; sourceTree = "<group>"; };
		F6A63EED0E9C185D00BD4E58 /* MYDivideCommand.h */ = {isa = PBXFileReference; fileEncoding = 4; lastKnownFileType = sourcecode.c.h; path = MYDivideCommand.h; sourceTree = "<group>"; };
		F6A63EEE0E9C185D00BD4E58 /* MYDivideCommand.m */ = {isa = PBXFileReference; fileEncoding = 4; lastKnownFileType = sourcecode.c.objc; path = MYDivideCommand.m; sourceTree = "<group>"; };
		F6A63EF10E9C18A700BD4E58 /* MYDumpCommand.h */ = {isa = PBXFileReference; fileEncoding = 4; lastKnownFileType = sourcecode.c.h; path = MYDumpCommand.h; sourceTree = "<group>"; };
		F6A63EF20E9C18A700BD4E58 /* MYDumpCommand.m */ = {isa = PBXFileReference; fileEncoding = 4; lastKnownFileType = sourcecode.c.objc; path = MYDumpCommand.m; sourceTree = "<group>"; };
		F6A63EFB0E9C1A2000BD4E58 /* MYPrintCommand.h */ = {isa = PBXFileReference; fileEncoding = 4; lastKnownFileType = sourcecode.c.h; path = MYPrintCommand.h; sourceTree = "<group>"; };
		F6A63EFC0E9C1A2000BD4E58 /* MYPrintCommand.m */ = {isa = PBXFileReference; fileEncoding = 4; lastKnownFileType = sourcecode.c.objc; path = MYPrintCommand.m; sourceTree = "<group>"; };
/* End PBXFileReference section */

/* Begin PBXFrameworksBuildPhase section */
		8DD76F9B0486AA7600D96B5E /* Frameworks */ = {
			isa = PBXFrameworksBuildPhase;
			buildActionMask = 2147483647;
			files = (
				8DD76F9C0486AA7600D96B5E /* Foundation.framework in Frameworks */,
			);
			runOnlyForDeploymentPostprocessing = 0;
		};
/* End PBXFrameworksBuildPhase section */

/* Begin PBXGroup section */
		08FB7794FE84155DC02AAC07 /* RPN */ = {
			isa = PBXGroup;
			children = (
				08FB7795FE84155DC02AAC07 /* Source */,
				C6859EA2029092E104C91782 /* Documentation */,
				08FB779DFE84155DC02AAC07 /* External Frameworks and Libraries */,
				1AB674ADFE9D54B511CA2CBB /* Products */,
			);
			name = RPN;
			sourceTree = "<group>";
		};
		08FB7795FE84155DC02AAC07 /* Source */ = {
			isa = PBXGroup;
			children = (
				32A70AAB03705E1F00C91783 /* RPN_Prefix.pch */,
				08FB7796FE84155DC02AAC07 /* RPN.m */,
				F6A63EA10E9C005000BD4E58 /* MYStack.h */,
				F6A63EA20E9C005000BD4E58 /* MYStack.m */,
				F6A63EA40E9C006000BD4E58 /* MYCommand.h */,
				F6A63EA50E9C006000BD4E58 /* MYCommand.m */,
				F6A63ED10E9C14B700BD4E58 /* MYQuitCommand.h */,
				F6A63ED20E9C14B700BD4E58 /* MYQuitCommand.m */,
				F6A63ED60E9C158E00BD4E58 /* MYAddCommand.h */,
				F6A63ED70E9C158E00BD4E58 /* MYAddCommand.m */,
				F6A63EDE0E9C173300BD4E58 /* MYSubtractCommand.h */,
				F6A63EDF0E9C173300BD4E58 /* MYSubtractCommand.m */,
				F6A63EE70E9C17DD00BD4E58 /* MYMultiplyCommand.h */,
				F6A63EE80E9C17DD00BD4E58 /* MYMultiplyCommand.m */,
				F6A63EED0E9C185D00BD4E58 /* MYDivideCommand.h */,
				F6A63EEE0E9C185D00BD4E58 /* MYDivideCommand.m */,
				F6A63EF10E9C18A700BD4E58 /* MYDumpCommand.h */,
				F6A63EF20E9C18A700BD4E58 /* MYDumpCommand.m */,
				F6A63EFB0E9C1A2000BD4E58 /* MYPrintCommand.h */,
				F6A63EFC0E9C1A2000BD4E58 /* MYPrintCommand.m */,
			);
			name = Source;
			sourceTree = "<group>";
		};
		08FB779DFE84155DC02AAC07 /* External Frameworks and Libraries */ = {
			isa = PBXGroup;
			children = (
				08FB779EFE84155DC02AAC07 /* Foundation.framework */,
			);
			name = "External Frameworks and Libraries";
			sourceTree = "<group>";
		};
		1AB674ADFE9D54B511CA2CBB /* Products */ = {
			isa = PBXGroup;
			children = (
				8DD76FA10486AA7600D96B5E /* RPN */,
			);
			name = Products;
			sourceTree = "<group>";
		};
		C6859EA2029092E104C91782 /* Documentation */ = {
			isa = PBXGroup;
			children = (
				C6859EA3029092ED04C91782 /* RPN.1 */,
			);
			name = Documentation;
			sourceTree = "<group>";
		};
/* End PBXGroup section */

/* Begin PBXNativeTarget section */
		8DD76F960486AA7600D96B5E /* RPN */ = {
			isa = PBXNativeTarget;
			buildConfigurationList = 1DEB927408733DD40010E9CD /* Build configuration list for PBXNativeTarget "RPN" */;
			buildPhases = (
				8DD76F990486AA7600D96B5E /* Sources */,
				8DD76F9B0486AA7600D96B5E /* Frameworks */,
				8DD76F9E0486AA7600D96B5E /* CopyFiles */,
			);
			buildRules = (
			);
			dependencies = (
			);
			name = RPN;
			productInstallPath = "$(HOME)/bin";
			productName = RPN;
			productReference = 8DD76FA10486AA7600D96B5E /* RPN */;
			productType = "com.apple.product-type.tool";
		};
/* End PBXNativeTarget section */

/* Begin PBXProject section */
		08FB7793FE84155DC02AAC07 /* Project object */ = {
			isa = PBXProject;
			buildConfigurationList = 1DEB927808733DD40010E9CD /* Build configuration list for PBXProject "RPN" */;
			compatibilityVersion = "Xcode 3.1";
			hasScannedForEncodings = 1;
			mainGroup = 08FB7794FE84155DC02AAC07 /* RPN */;
			projectDirPath = "";
			projectRoot = "";
			targets = (
				8DD76F960486AA7600D96B5E /* RPN */,
			);
		};
/* End PBXProject section */

/* Begin PBXSourcesBuildPhase section */
		8DD76F990486AA7600D96B5E /* Sources */ = {
			isa = PBXSourcesBuildPhase;
			buildActionMask = 2147483647;
			files = (
				8DD76F9A0486AA7600D96B5E /* RPN.m in Sources */,
				F6A63EA30E9C005000BD4E58 /* MYStack.m in Sources */,
				F6A63EA60E9C006000BD4E58 /* MYCommand.m in Sources */,
				F6A63ED30E9C14B700BD4E58 /* MYQuitCommand.m in Sources */,
				F6A63ED80E9C158E00BD4E58 /* MYAddCommand.m in Sources */,
				F6A63EE00E9C173300BD4E58 /* MYSubtractCommand.m in Sources */,
				F6A63EE90E9C17DD00BD4E58 /* MYMultiplyCommand.m in Sources */,
				F6A63EEF0E9C185D00BD4E58 /* MYDivideCommand.m in Sources */,
				F6A63EF30E9C18A700BD4E58 /* MYDumpCommand.m in Sources */,
				F6A63EFD0E9C1A2000BD4E58 /* MYPrintCommand.m in Sources */,
			);
			runOnlyForDeploymentPostprocessing = 0;
		};
/* End PBXSourcesBuildPhase section */

/* Begin XCBuildConfiguration section */
		1DEB927508733DD40010E9CD /* Debug */ = {
			isa = XCBuildConfiguration;
			buildSettings = {
				ALWAYS_SEARCH_USER_PATHS = NO;
				COPY_PHASE_STRIP = NO;
				GCC_DYNAMIC_NO_PIC = NO;
				GCC_ENABLE_FIX_AND_CONTINUE = YES;
				GCC_MODEL_TUNING = G5;
				GCC_OPTIMIZATION_LEVEL = 0;
				GCC_PRECOMPILE_PREFIX_HEADER = YES;
				GCC_PREFIX_HEADER = RPN_Prefix.pch;
				INSTALL_PATH = /usr/local/bin;
				PRODUCT_NAME = RPN;
			};
			name = Debug;
		};
		1DEB927608733DD40010E9CD /* Release */ = {
			isa = XCBuildConfiguration;
			buildSettings = {
				ALWAYS_SEARCH_USER_PATHS = NO;
				DEBUG_INFORMATION_FORMAT = "dwarf-with-dsym";
				GCC_MODEL_TUNING = G5;
				GCC_PRECOMPILE_PREFIX_HEADER = YES;
				GCC_PREFIX_HEADER = RPN_Prefix.pch;
				INSTALL_PATH = /usr/local/bin;
				PRODUCT_NAME = RPN;
			};
			name = Release;
		};
		1DEB927908733DD40010E9CD /* Debug */ = {
			isa = XCBuildConfiguration;
			buildSettings = {
				ARCHS = "$(ARCHS_STANDARD_32_BIT)";
				GCC_C_LANGUAGE_STANDARD = c99;
				GCC_OPTIMIZATION_LEVEL = 0;
				GCC_WARN_ABOUT_RETURN_TYPE = YES;
				GCC_WARN_UNUSED_VARIABLE = YES;
				ONLY_ACTIVE_ARCH = YES;
				PREBINDING = NO;
				SDKROOT = macosx10.5;
			};
			name = Debug;
		};
		1DEB927A08733DD40010E9CD /* Release */ = {
			isa = XCBuildConfiguration;
			buildSettings = {
				ARCHS = "$(ARCHS_STANDARD_32_BIT)";
				GCC_C_LANGUAGE_STANDARD = c99;
				GCC_WARN_ABOUT_RETURN_TYPE = YES;
				GCC_WARN_UNUSED_VARIABLE = YES;
				PREBINDING = NO;
				SDKROOT = macosx10.5;
			};
			name = Release;
		};
/* End XCBuildConfiguration section */

/* Begin XCConfigurationList section */
		1DEB927408733DD40010E9CD /* Build configuration list for PBXNativeTarget "RPN" */ = {
			isa = XCConfigurationList;
			buildConfigurations = (
				1DEB927508733DD40010E9CD /* Debug */,
				1DEB927608733DD40010E9CD /* Release */,
			);
			defaultConfigurationIsVisible = 0;
			defaultConfigurationName = Release;
		};
		1DEB927808733DD40010E9CD /* Build configuration list for PBXProject "RPN" */ = {
			isa = XCConfigurationList;
			buildConfigurations = (
				1DEB927908733DD40010E9CD /* Debug */,
				1DEB927A08733DD40010E9CD /* Release */,
			);
			defaultConfigurationIsVisible = 0;
			defaultConfigurationName = Release;
		};
/* End XCConfigurationList section */
	};
	rootObject = 08FB7793FE84155DC02AAC07 /* Project object */;
}
